{
  "name": "p5.play-ExampleGame",
  "lockfileVersion": 2,
  "requires": true,
  "packages": {
    "": {
      "dependencies": {
        "p5.play": "^3.0.33"
      }
    },
    "node_modules/p5.play": {
      "version": "3.0.64",
      "resolved": "https://registry.npmjs.org/p5.play/-/p5.play-3.0.64.tgz",
      "integrity": "sha512-NOKAiWlCXrvGLFdOnbD7+icU2o24rYO5URwB4PZEaJxAN3G9bRGVP9xxDXpo3uRwRDj+tbvRK+Xrl8mIPqcasg=="
    }
  },
  "dependencies": {
    "p5.play": {
      "version": "3.0.64",
      "resolved": "https://registry.npmjs.org/p5.play/-/p5.play-3.0.64.tgz",
      "integrity": "sha512-NOKAiWlCXrvGLFdOnbD7+icU2o24rYO5URwB4PZEaJxAN3G9bRGVP9xxDXpo3uRwRDj+tbvRK+Xrl8mIPqcasg=="
    }
  }
}
